{
  "lockfileVersion": 1,
  "configVersion": 1,
  "workspaces": {
    "": {
      "name": "app",
      "dependencies": {
        "@hotwired/stimulus": "^3.2.2",
        "@hotwired/turbo-rails": "^8.0.21",
      },
    },
  },
  "packages": {
    "@hotwired/stimulus": ["@hotwired/stimulus@3.2.2", "", {}, "sha512-eGeIqNOQpXoPAIP7tC1+1Yc1yl1xnwYqg+3mzqxyrbE5pg5YFBZcA6YoTiByJB6DKAEsiWtl6tjTJS4IYtbB7A=="],

    "@hotwired/turbo": ["@hotwired/turbo@8.0.21", "", {}, "sha512-fJTv3JnzFHeDxBb23esZSOhT4r142xf5o3lKMFMvzPC6AllkqbBKk5Yb31UZhtIsKQCwmO/pUQrtTUlYl5CHAQ=="],

    "@hotwired/turbo-rails": ["@hotwired/turbo-rails@8.0.21", "", { "dependencies": { "@hotwired/turbo": "^8.0.21", "@rails/actioncable": ">=7.0" } }, "sha512-RUnqt7tOVlQT539eVqFaAp4/32y7sLxvt3G7OIMROVlIMWvM8CXJk08xvIro2ueQViYRB6jwRjruNx7drIJPXg=="],

    "@rails/actioncable": ["@rails/actioncable@8.1.200", "", {}, "sha512-on0DSb7AFUkq1ocxivDNQhhGW/RQpY91zvRVyyaEWP4gOOZWy33P/UyxjQk74IENWNrTqs8+zOGHwTjiiFruRw=="],
  }
}
